// !$*UTF8*$!
{
	archiveVersion = 1;
	classes = {
	};
	objectVersion = 50;
	objects = {

/* Begin PBXBuildFile section */
		6C35E3B725FD58AE00005655 /* AppDelegate.swift in Sources */ = {isa = PBXBuildFile; fileRef = 6C35E3B625FD58AE00005655 /* AppDelegate.swift */; };
		6C35E3B925FD58AE00005655 /* SceneDelegate.swift in Sources */ = {isa = PBXBuildFile; fileRef = 6C35E3B825FD58AE00005655 /* SceneDelegate.swift */; };
		6C35E3BE25FD58AE00005655 /* Main.storyboard in Resources */ = {isa = PBXBuildFile; fileRef = 6C35E3BC25FD58AE00005655 /* Main.storyboard */; };
		6C35E3C125FD58AE00005655 /* ExpireTracker.xcdatamodeld in Sources */ = {isa = PBXBuildFile; fileRef = 6C35E3BF25FD58AE00005655 /* ExpireTracker.xcdatamodeld */; };
		6C35E3C325FD58AF00005655 /* Assets.xcassets in Resources */ = {isa = PBXBuildFile; fileRef = 6C35E3C225FD58AF00005655 /* Assets.xcassets */; };
		6C35E3C625FD58AF00005655 /* LaunchScreen.storyboard in Resources */ = {isa = PBXBuildFile; fileRef = 6C35E3C425FD58AF00005655 /* LaunchScreen.storyboard */; };
		6C35E3D925FD611300005655 /* CategoryTableViewController.swift in Sources */ = {isa = PBXBuildFile; fileRef = 6C35E3D825FD611300005655 /* CategoryTableViewController.swift */; };
		6C35E3E125FD98B100005655 /* CreateNewItemViewController.swift in Sources */ = {isa = PBXBuildFile; fileRef = 6C35E3E025FD98B100005655 /* CreateNewItemViewController.swift */; };
/* End PBXBuildFile section */

/* Begin PBXFileReference section */
		6C35E3B325FD58AE00005655 /* ExpireTracker.app */ = {isa = PBXFileReference; explicitFileType = wrapper.application; includeInIndex = 0; path = ExpireTracker.app; sourceTree = BUILT_PRODUCTS_DIR; };
		6C35E3B625FD58AE00005655 /* AppDelegate.swift */ = {isa = PBXFileReference; lastKnownFileType = sourcecode.swift; path = AppDelegate.swift; sourceTree = "<group>"; };
		6C35E3B825FD58AE00005655 /* SceneDelegate.swift */ = {isa = PBXFileReference; lastKnownFileType = sourcecode.swift; path = SceneDelegate.swift; sourceTree = "<group>"; };
		6C35E3BD25FD58AE00005655 /* Base */ = {isa = PBXFileReference; lastKnownFileType = file.storyboard; name = Base; path = Base.lproj/Main.storyboard; sourceTree = "<group>"; };
		6C35E3C025FD58AE00005655 /* ExpireTracker.xcdatamodel */ = {isa = PBXFileReference; lastKnownFileType = wrapper.xcdatamodel; path = ExpireTracker.xcdatamodel; sourceTree = "<group>"; };
		6C35E3C225FD58AF00005655 /* Assets.xcassets */ = {isa = PBXFileReference; lastKnownFileType = folder.assetcatalog; path = Assets.xcassets; sourceTree = "<group>"; };
		6C35E3C525FD58AF00005655 /* Base */ = {isa = PBXFileReference; lastKnownFileType = file.storyboard; name = Base; path = Base.lproj/LaunchScreen.storyboard; sourceTree = "<group>"; };
		6C35E3C725FD58AF00005655 /* Info.plist */ = {isa = PBXFileReference; lastKnownFileType = text.plist.xml; path = Info.plist; sourceTree = "<group>"; };
		6C35E3D825FD611300005655 /* CategoryTableViewController.swift */ = {isa = PBXFileReference; lastKnownFileType = sourcecode.swift; path = CategoryTableViewController.swift; sourceTree = "<group>"; };
		6C35E3E025FD98B100005655 /* CreateNewItemViewController.swift */ = {isa = PBXFileReference; lastKnownFileType = sourcecode.swift; path = CreateNewItemViewController.swift; sourceTree = "<group>"; };
/* End PBXFileReference section */

/* Begin PBXFrameworksBuildPhase section */
		6C35E3B025FD58AE00005655 /* Frameworks */ = {
			isa = PBXFrameworksBuildPhase;
			buildActionMask = 2147483647;
			files = (
			);
			runOnlyForDeploymentPostprocessing = 0;
		};
/* End PBXFrameworksBuildPhase section */

/* Begin PBXGroup section */
		6C35E3AA25FD58AE00005655 = {
			isa = PBXGroup;
			children = (
				6C35E3B525FD58AE00005655 /* ExpireTracker */,
				6C35E3B425FD58AE00005655 /* Products */,
			);
			sourceTree = "<group>";
		};
		6C35E3B425FD58AE00005655 /* Products */ = {
			isa = PBXGroup;
			children = (
				6C35E3B325FD58AE00005655 /* ExpireTracker.app */,
			);
			name = Products;
			sourceTree = "<group>";
		};
		6C35E3B525FD58AE00005655 /* ExpireTracker */ = {
			isa = PBXGroup;
			children = (
				6C35E3B625FD58AE00005655 /* AppDelegate.swift */,
				6C35E3B825FD58AE00005655 /* SceneDelegate.swift */,
				6C35E3BC25FD58AE00005655 /* Main.storyboard */,
				6C35E3D825FD611300005655 /* CategoryTableViewController.swift */,
				6C35E3E025FD98B100005655 /* CreateNewItemViewController.swift */,
				6C35E3C225FD58AF00005655 /* Assets.xcassets */,
				6C35E3C425FD58AF00005655 /* LaunchScreen.storyboard */,
				6C35E3C725FD58AF00005655 /* Info.plist */,
				6C35E3BF25FD58AE00005655 /* ExpireTracker.xcdatamodeld */,
			);
			path = ExpireTracker;
			sourceTree = "<group>";
		};
/* End PBXGroup section */

/* Begin PBXNativeTarget section */
		6C35E3B225FD58AE00005655 /* ExpireTracker */ = {
			isa = PBXNativeTarget;
			buildConfigurationList = 6C35E3CA25FD58AF00005655 /* Build configuration list for PBXNativeTarget "ExpireTracker" */;
			buildPhases = (
				6C35E3AF25FD58AE00005655 /* Sources */,
				6C35E3B025FD58AE00005655 /* Frameworks */,
				6C35E3B125FD58AE00005655 /* Resources */,
			);
			buildRules = (
			);
			dependencies = (
			);
			name = ExpireTracker;
			productName = ExpireTracker;
			productReference = 6C35E3B325FD58AE00005655 /* ExpireTracker.app */;
			productType = "com.apple.product-type.application";
		};
/* End PBXNativeTarget section */

/* Begin PBXProject section */
		6C35E3AB25FD58AE00005655 /* Project object */ = {
			isa = PBXProject;
			attributes = {
				LastSwiftUpdateCheck = 1240;
				LastUpgradeCheck = 1240;
				TargetAttributes = {
					6C35E3B225FD58AE00005655 = {
						CreatedOnToolsVersion = 12.4;
					};
				};
			};
			buildConfigurationList = 6C35E3AE25FD58AE00005655 /* Build configuration list for PBXProject "ExpireTracker" */;
			compatibilityVersion = "Xcode 9.3";
			developmentRegion = en;
			hasScannedForEncodings = 0;
			knownRegions = (
				en,
				Base,
			);
			mainGroup = 6C35E3AA25FD58AE00005655;
			productRefGroup = 6C35E3B425FD58AE00005655 /* Products */;
			projectDirPath = "";
			projectRoot = "";
			targets = (
				6C35E3B225FD58AE00005655 /* ExpireTracker */,
			);
		};
/* End PBXProject section */

/* Begin PBXResourcesBuildPhase section */
		6C35E3B125FD58AE00005655 /* Resources */ = {
			isa = PBXResourcesBuildPhase;
			buildActionMask = 2147483647;
			files = (
				6C35E3C625FD58AF00005655 /* LaunchScreen.storyboard in Resources */,
				6C35E3C325FD58AF00005655 /* Assets.xcassets in Resources */,
				6C35E3BE25FD58AE00005655 /* Main.storyboard in Resources */,
			);
			runOnlyForDeploymentPostprocessing = 0;
		};
/* End PBXResourcesBuildPhase section */

/* Begin PBXSourcesBuildPhase section */
		6C35E3AF25FD58AE00005655 /* Sources */ = {
			isa = PBXSourcesBuildPhase;
			buildActionMask = 2147483647;
			files = (
				6C35E3B725FD58AE00005655 /* AppDelegate.swift in Sources */,
				6C35E3B925FD58AE00005655 /* SceneDelegate.swift in Sources */,
				6C35E3E125FD98B100005655 /* CreateNewItemViewController.swift in Sources */,
				6C35E3C125FD58AE00005655 /* ExpireTracker.xcdatamodeld in Sources */,
				6C35E3D925FD611300005655 /* CategoryTableViewController.swift in Sources */,
			);
			runOnlyForDeploymentPostprocessing = 0;
		};
/* End PBXSourcesBuildPhase section */

/* Begin PBXVariantGroup section */
		6C35E3BC25FD58AE00005655 /* Main.storyboard */ = {
			isa = PBXVariantGroup;
			children = (
				6C35E3BD25FD58AE00005655 /* Base */,
			);
			name = Main.storyboard;
			sourceTree = "<group>";
		};
		6C35E3C425FD58AF00005655 /* LaunchScreen.storyboard */ = {
			isa = PBXVariantGroup;
			children = (
				6C35E3C525FD58AF00005655 /* Base */,
			);
			name = LaunchScreen.storyboard;
			sourceTree = "<group>";
		};
/* End PBXVariantGroup section */

/* Begin XCBuildConfiguration section */
		6C35E3C825FD58AF00005655 /* Debug */ = {
			isa = XCBuildConfiguration;
			buildSettings = {
				ALWAYS_SEARCH_USER_PATHS = NO;
				CLANG_ANALYZER_NONNULL = YES;
				CLANG_ANALYZER_NUMBER_OBJECT_CONVERSION = YES_AGGRESSIVE;
				CLANG_CXX_LANGUAGE_STANDARD = "gnu++14";
				CLANG_CXX_LIBRARY = "libc++";
				CLANG_ENABLE_MODULES = YES;
				CLANG_ENABLE_OBJC_ARC = YES;
				CLANG_ENABLE_OBJC_WEAK = YES;
				CLANG_WARN_BLOCK_CAPTURE_AUTORELEASING = YES;
				CLANG_WARN_BOOL_CONVERSION = YES;
				CLANG_WARN_COMMA = YES;
				CLANG_WARN_CONSTANT_CONVERSION = YES;
				CLANG_WARN_DEPRECATED_OBJC_IMPLEMENTATIONS = YES;
				CLANG_WARN_DIRECT_OBJC_ISA_USAGE = YES_ERROR;
				CLANG_WARN_DOCUMENTATION_COMMENTS = YES;
				CLANG_WARN_EMPTY_BODY = YES;
				CLANG_WARN_ENUM_CONVERSION = YES;
				CLANG_WARN_INFINITE_RECURSION = YES;
				CLANG_WARN_INT_CONVERSION = YES;
				CLANG_WARN_NON_LITERAL_NULL_CONVERSION = YES;
				CLANG_WARN_OBJC_IMPLICIT_RETAIN_SELF = YES;
				CLANG_WARN_OBJC_LITERAL_CONVERSION = YES;
				CLANG_WARN_OBJC_ROOT_CLASS = YES_ERROR;
				CLANG_WARN_QUOTED_INCLUDE_IN_FRAMEWORK_HEADER = YES;
				CLANG_WARN_RANGE_LOOP_ANALYSIS = YES;
				CLANG_WARN_STRICT_PROTOTYPES = YES;
				CLANG_WARN_SUSPICIOUS_MOVE = YES;
				CLANG_WARN_UNGUARDED_AVAILABILITY = YES_AGGRESSIVE;
				CLANG_WARN_UNREACHABLE_CODE = YES;
				CLANG_WARN__DUPLICATE_METHOD_MATCH = YES;
				COPY_PHASE_STRIP = NO;
				DEBUG_INFORMATION_FORMAT = dwarf;
				ENABLE_STRICT_OBJC_MSGSEND = YES;
				ENABLE_TESTABILITY = YES;
				GCC_C_LANGUAGE_STANDARD = gnu11;
				GCC_DYNAMIC_NO_PIC = NO;
				GCC_NO_COMMON_BLOCKS = YES;
				GCC_OPTIMIZATION_LEVEL = 0;
				GCC_PREPROCESSOR_DEFINITIONS = (
					"DEBUG=1",
					"$(inherited)",
				);
				GCC_WARN_64_TO_32_BIT_CONVERSION = YES;
				GCC_WARN_ABOUT_RETURN_TYPE = YES_ERROR;
				GCC_WARN_UNDECLARED_SELECTOR = YES;
				GCC_WARN_UNINITIALIZED_AUTOS = YES_AGGRESSIVE;
				GCC_WARN_UNUSED_FUNCTION = YES;
				GCC_WARN_UNUSED_VARIABLE = YES;
				IPHONEOS_DEPLOYMENT_TARGET = 14.4;
				MTL_ENABLE_DEBUG_INFO = INCLUDE_SOURCE;
				MTL_FAST_MATH = YES;
				ONLY_ACTIVE_ARCH = YES;
				SDKROOT = iphoneos;
				SWIFT_ACTIVE_COMPILATION_CONDITIONS = DEBUG;
				SWIFT_OPTIMIZATION_LEVEL = "-Onone";
			};
			name = Debug;
		};
		6C35E3C925FD58AF00005655 /* Release */ = {
			isa = XCBuildConfiguration;
			buildSettings = {
				ALWAYS_SEARCH_USER_PATHS = NO;
				CLANG_ANALYZER_NONNULL = YES;
				CLANG_ANALYZER_NUMBER_OBJECT_CONVERSION = YES_AGGRESSIVE;
				CLANG_CXX_LANGUAGE_STANDARD = "gnu++14";
				CLANG_CXX_LIBRARY = "libc++";
				CLANG_ENABLE_MODULES = YES;
				CLANG_ENABLE_OBJC_ARC = YES;
				CLANG_ENABLE_OBJC_WEAK = YES;
				CLANG_WARN_BLOCK_CAPTURE_AUTORELEASING = YES;
				CLANG_WARN_BOOL_CONVERSION = YES;
				CLANG_WARN_COMMA = YES;
				CLANG_WARN_CONSTANT_CONVERSION = YES;
				CLANG_WARN_DEPRECATED_OBJC_IMPLEMENTATIONS = YES;
				CLANG_WARN_DIRECT_OBJC_ISA_USAGE = YES_ERROR;
				CLANG_WARN_DOCUMENTATION_COMMENTS = YES;
				CLANG_WARN_EMPTY_BODY = YES;
				CLANG_WARN_ENUM_CONVERSION = YES;
				CLANG_WARN_INFINITE_RECURSION = YES;
				CLANG_WARN_INT_CONVERSION = YES;
				CLANG_WARN_NON_LITERAL_NULL_CONVERSION = YES;
				CLANG_WARN_OBJC_IMPLICIT_RETAIN_SELF = YES;
				CLANG_WARN_OBJC_LITERAL_CONVERSION = YES;
				CLANG_WARN_OBJC_ROOT_CLASS = YES_ERROR;
				CLANG_WARN_QUOTED_INCLUDE_IN_FRAMEWORK_HEADER = YES;
				CLANG_WARN_RANGE_LOOP_ANALYSIS = YES;
				CLANG_WARN_STRICT_PROTOTYPES = YES;
				CLANG_WARN_SUSPICIOUS_MOVE = YES;
				CLANG_WARN_UNGUARDED_AVAILABILITY = YES_AGGRESSIVE;
				CLANG_WARN_UNREACHABLE_CODE = YES;
				CLANG_WARN__DUPLICATE_METHOD_MATCH = YES;
				COPY_PHASE_STRIP = NO;
				DEBUG_INFORMATION_FORMAT = "dwarf-with-dsym";
				ENABLE_NS_ASSERTIONS = NO;
				ENABLE_STRICT_OBJC_MSGSEND = YES;
				GCC_C_LANGUAGE_STANDARD = gnu11;
				GCC_NO_COMMON_BLOCKS = YES;
				GCC_WARN_64_TO_32_BIT_CONVERSION = YES;
				GCC_WARN_ABOUT_RETURN_TYPE = YES_ERROR;
				GCC_WARN_UNDECLARED_SELECTOR = YES;
				GCC_WARN_UNINITIALIZED_AUTOS = YES_AGGRESSIVE;
				GCC_WARN_UNUSED_FUNCTION = YES;
				GCC_WARN_UNUSED_VARIABLE = YES;
				IPHONEOS_DEPLOYMENT_TARGET = 14.4;
				MTL_ENABLE_DEBUG_INFO = NO;
				MTL_FAST_MATH = YES;
				SDKROOT = iphoneos;
				SWIFT_COMPILATION_MODE = wholemodule;
				SWIFT_OPTIMIZATION_LEVEL = "-O";
				VALIDATE_PRODUCT = YES;
			};
			name = Release;
		};
		6C35E3CB25FD58AF00005655 /* Debug */ = {
			isa = XCBuildConfiguration;
			buildSettings = {
				ASSETCATALOG_COMPILER_APPICON_NAME = AppIcon;
				ASSETCATALOG_COMPILER_GLOBAL_ACCENT_COLOR_NAME = AccentColor;
				CODE_SIGN_STYLE = Automatic;
				DEVELOPMENT_TEAM = BZGFUURZ9X;
				INFOPLIST_FILE = ExpireTracker/Info.plist;
				LD_RUNPATH_SEARCH_PATHS = (
					"$(inherited)",
					"@executable_path/Frameworks",
				);
				PRODUCT_BUNDLE_IDENTIFIER = com.depaul.edu.csc471.ExpireTracker;
				PRODUCT_NAME = "$(TARGET_NAME)";
				SWIFT_VERSION = 5.0;
				TARGETED_DEVICE_FAMILY = 1;
			};
			name = Debug;
		};
		6C35E3CC25FD58AF00005655 /* Release */ = {
			isa = XCBuildConfiguration;
			buildSettings = {
				ASSETCATALOG_COMPILER_APPICON_NAME = AppIcon;
				ASSETCATALOG_COMPILER_GLOBAL_ACCENT_COLOR_NAME = AccentColor;
				CODE_SIGN_STYLE = Automatic;
				DEVELOPMENT_TEAM = BZGFUURZ9X;
				INFOPLIST_FILE = ExpireTracker/Info.plist;
				LD_RUNPATH_SEARCH_PATHS = (
					"$(inherited)",
					"@executable_path/Frameworks",
				);
				PRODUCT_BUNDLE_IDENTIFIER = com.depaul.edu.csc471.ExpireTracker;
				PRODUCT_NAME = "$(TARGET_NAME)";
				SWIFT_VERSION = 5.0;
				TARGETED_DEVICE_FAMILY = 1;
			};
			name = Release;
		};
/* End XCBuildConfiguration section */

/* Begin XCConfigurationList section */
		6C35E3AE25FD58AE00005655 /* Build configuration list for PBXProject "ExpireTracker" */ = {
			isa = XCConfigurationList;
			buildConfigurations = (
				6C35E3C825FD58AF00005655 /* Debug */,
				6C35E3C925FD58AF00005655 /* Release */,
			);
			defaultConfigurationIsVisible = 0;
			defaultConfigurationName = Release;
		};
		6C35E3CA25FD58AF00005655 /* Build configuration list for PBXNativeTarget "ExpireTracker" */ = {
			isa = XCConfigurationList;
			buildConfigurations = (
				6C35E3CB25FD58AF00005655 /* Debug */,
				6C35E3CC25FD58AF00005655 /* Release */,
			);
			defaultConfigurationIsVisible = 0;
			defaultConfigurationName = Release;
		};
/* End XCConfigurationList section */

/* Begin XCVersionGroup section */
		6C35E3BF25FD58AE00005655 /* ExpireTracker.xcdatamodeld */ = {
			isa = XCVersionGroup;
			children = (
				6C35E3C025FD58AE00005655 /* ExpireTracker.xcdatamodel */,
			);
			currentVersion = 6C35E3C025FD58AE00005655 /* ExpireTracker.xcdatamodel */;
			path = ExpireTracker.xcdatamodeld;
			sourceTree = "<group>";
			versionGroupType = wrapper.xcdatamodel;
		};
/* End XCVersionGroup section */
	};
	rootObject = 6C35E3AB25FD58AE00005655 /* Project object */;
}
